
Microsoft Visual Studio Solution File, Format Version 12.00
# Visual Studio Version 17
VisualStudioVersion = 17.11.35303.130
MinimumVisualStudioVersion = 10.0.40219.1
Project("{FAE04EC0-301F-11D3-BF4B-00C04F79EFBC}") = "T7SG", "T7SG\T7SG.csproj", "{FA4B4A1D-BF92-4428-845B-E4A7994BD89F}"
EndProject
Global
	GlobalSection(SolutionConfigurationPlatforms) = preSolution
		Debug|Any CPU = Debug|Any CPU
		Release|Any CPU = Release|Any CPU
	EndGlobalSection
	GlobalSection(ProjectConfigurationPlatforms) = postSolution
		{FA4B4A1D-BF92-4428-845B-E4A7994BD89F}.Debug|Any CPU.ActiveCfg = Debug|Any CPU
		{FA4B4A1D-BF92-4428-845B-E4A7994BD89F}.Debug|Any CPU.Build.0 = Debug|Any CPU
		{FA4B4A1D-BF92-4428-845B-E4A7994BD89F}.Release|Any CPU.ActiveCfg = Release|Any CPU
		{FA4B4A1D-BF92-4428-845B-E4A7994BD89F}.Release|Any CPU.Build.0 = Release|Any CPU
	EndGlobalSection
	GlobalSection(SolutionProperties) = preSolution
		HideSolutionNode = FALSE
	EndGlobalSection
	GlobalSection(ExtensibilityGlobals) = postSolution
		SolutionGuid = {71CD8A40-EC80-4271-94F9-E3981E66012A}
	EndGlobalSection
EndGlobal
