
Microsoft Visual Studio Solution File, Format Version 12.00
# Visual Studio Version 17
VisualStudioVersion = 17.11.35303.130
MinimumVisualStudioVersion = 10.0.40219.1
Project("{9A19103F-16F7-4668-BE54-9A1E7A4F7556}") = "T7SG", "T7SG\T7SG.csproj", "{FA4B4A1D-BF92-4428-845B-E4A7994BD89F}"
EndProject
Project("{2150E333-8FDC-42A3-9474-1A3956D46DE8}") = "Elementos de la solución", "Elementos de la solución", "{5EF311CD-B41F-4889-9BF0-A72EDCFF7860}"
	ProjectSection(SolutionItems) = preProject
		Analisis.txt = Analisis.txt
	EndProjectSection
EndProject
Project("{9A19103F-16F7-4668-BE54-9A1E7A4F7556}") = "Ejercicio4MVC", "..\..\Ejercicio4MVC\Ejercicio4MVC\Ejercicio4MVC.csproj", "{E69719B3-D1F2-4D6E-8F99-56DE7C3BBCE2}"
EndProject
Global
	GlobalSection(SolutionConfigurationPlatforms) = preSolution
		Debug|Any CPU = Debug|Any CPU
		Release|Any CPU = Release|Any CPU
	EndGlobalSection
	GlobalSection(ProjectConfigurationPlatforms) = postSolution
		{FA4B4A1D-BF92-4428-845B-E4A7994BD89F}.Debug|Any CPU.ActiveCfg = Debug|Any CPU
		{FA4B4A1D-BF92-4428-845B-E4A7994BD89F}.Debug|Any CPU.Build.0 = Debug|Any CPU
		{FA4B4A1D-BF92-4428-845B-E4A7994BD89F}.Release|Any CPU.ActiveCfg = Release|Any CPU
		{FA4B4A1D-BF92-4428-845B-E4A7994BD89F}.Release|Any CPU.Build.0 = Release|Any CPU
		{E69719B3-D1F2-4D6E-8F99-56DE7C3BBCE2}.Debug|Any CPU.ActiveCfg = Debug|Any CPU
		{E69719B3-D1F2-4D6E-8F99-56DE7C3BBCE2}.Debug|Any CPU.Build.0 = Debug|Any CPU
		{E69719B3-D1F2-4D6E-8F99-56DE7C3BBCE2}.Release|Any CPU.ActiveCfg = Release|Any CPU
		{E69719B3-D1F2-4D6E-8F99-56DE7C3BBCE2}.Release|Any CPU.Build.0 = Release|Any CPU
	EndGlobalSection
	GlobalSection(SolutionProperties) = preSolution
		HideSolutionNode = FALSE
	EndGlobalSection
	GlobalSection(ExtensibilityGlobals) = postSolution
		SolutionGuid = {71CD8A40-EC80-4271-94F9-E3981E66012A}
	EndGlobalSection
EndGlobal
