
Microsoft Visual Studio Solution File, Format Version 12.00
# Visual Studio Version 17
VisualStudioVersion = 17.11.35303.130
MinimumVisualStudioVersion = 10.0.40219.1
Project("{9A19103F-16F7-4668-BE54-9A1E7A4F7556}") = "Ejercicio4MVC", "Ejercicio4MVC.csproj", "{DEA633BD-03D1-4197-9AA5-53A762988A86}"
EndProject
Global
	GlobalSection(SolutionConfigurationPlatforms) = preSolution
		Debug|Any CPU = Debug|Any CPU
		Release|Any CPU = Release|Any CPU
	EndGlobalSection
	GlobalSection(ProjectConfigurationPlatforms) = postSolution
		{DEA633BD-03D1-4197-9AA5-53A762988A86}.Debug|Any CPU.ActiveCfg = Debug|Any CPU
		{DEA633BD-03D1-4197-9AA5-53A762988A86}.Debug|Any CPU.Build.0 = Debug|Any CPU
		{DEA633BD-03D1-4197-9AA5-53A762988A86}.Release|Any CPU.ActiveCfg = Release|Any CPU
		{DEA633BD-03D1-4197-9AA5-53A762988A86}.Release|Any CPU.Build.0 = Release|Any CPU
	EndGlobalSection
	GlobalSection(SolutionProperties) = preSolution
		HideSolutionNode = FALSE
	EndGlobalSection
	GlobalSection(ExtensibilityGlobals) = postSolution
		SolutionGuid = {46EEEA5B-2015-477F-9732-BDA4A69A341F}
	EndGlobalSection
EndGlobal
